<?xml version="1.0" encoding="utf-8"?>
<Project ToolsVersion="4.0" xmlns="http://schemas.microsoft.com/developer/msbuild/2003">
  <ItemGroup>
    <ClCompile Include="JsonBox\Convert.cpp">
      <Filter>JsonBox</Filter>
    </ClCompile>
    <ClCompile Include="JsonBox\Escaper.cpp">
      <Filter>JsonBox</Filter>
    </ClCompile>
    <ClCompile Include="JsonBox\IndentCanceller.cpp">
      <Filter>JsonBox</Filter>
    </ClCompile>
    <ClCompile Include="JsonBox\Indenter.cpp">
      <Filter>JsonBox</Filter>
    </ClCompile>
    <ClCompile Include="JsonBox\JsonParsingError.cpp">
      <Filter>JsonBox</Filter>
    </ClCompile>
    <ClCompile Include="JsonBox\JsonWritingError.cpp">
      <Filter>JsonBox</Filter>
    </ClCompile>
    <ClCompile Include="JsonBox\SolidusEscaper.cpp">
      <Filter>JsonBox</Filter>
    </ClCompile>
    <ClCompile Include="JsonBox\Value.cpp">
      <Filter>JsonBox</Filter>
    </ClCompile>
    <ClCompile Include="main.cpp" />
    <ClCompile Include="EntityManager.cpp" />
    <ClCompile Include="Item.cpp" />
    <ClCompile Include="Entity.cpp" />
    <ClCompile Include="Armor.cpp" />
    <ClCompile Include="Weapon.cpp" />
    <ClCompile Include="Inventory.cpp" />
    <ClCompile Include="Dialogue.cpp" />
    <ClCompile Include="Area.cpp" />
    <ClCompile Include="Door.cpp" />
    <ClCompile Include="Creature.cpp" />
    <ClCompile Include="Player.cpp" />
    <ClCompile Include="Battle.cpp" />
  </ItemGroup>
  <ItemGroup>
    <ClInclude Include="JsonBox\Array.h">
      <Filter>JsonBox</Filter>
    </ClInclude>
    <ClInclude Include="JsonBox\Convert.h">
      <Filter>JsonBox</Filter>
    </ClInclude>
    <ClInclude Include="JsonBox\Escaper.h">
      <Filter>JsonBox</Filter>
    </ClInclude>
    <ClInclude Include="JsonBox\Export.h">
      <Filter>JsonBox</Filter>
    </ClInclude>
    <ClInclude Include="JsonBox\Grammar.h">
      <Filter>JsonBox</Filter>
    </ClInclude>
    <ClInclude Include="JsonBox\IndentCanceller.h">
      <Filter>JsonBox</Filter>
    </ClInclude>
    <ClInclude Include="JsonBox\Indenter.h">
      <Filter>JsonBox</Filter>
    </ClInclude>
    <ClInclude Include="JsonBox\JsonParsingError.h">
      <Filter>JsonBox</Filter>
    </ClInclude>
    <ClInclude Include="JsonBox\JsonWritingError.h">
      <Filter>JsonBox</Filter>
    </ClInclude>
    <ClInclude Include="JsonBox\OutputFilter.h">
      <Filter>JsonBox</Filter>
    </ClInclude>
    <ClInclude Include="JsonBox\SolidusEscaper.h">
      <Filter>JsonBox</Filter>
    </ClInclude>
    <ClInclude Include="JsonBox\Value.h">
      <Filter>JsonBox</Filter>
    </ClInclude>
    <ClInclude Include="JsonBox.h" />
    <ClInclude Include="Entity.h" />
    <ClInclude Include="EntityManager.h" />
    <ClInclude Include="Item.h" />
    <ClInclude Include="Armor.h" />
    <ClInclude Include="Weapon.h" />
    <ClInclude Include="Inventory.h" />
    <ClInclude Include="Dialogue.h" />
    <ClInclude Include="Area.h" />
    <ClInclude Include="Door.h" />
    <ClInclude Include="Creature.h" />
    <ClInclude Include="Player.h" />
    <ClInclude Include="Battle.h" />
  </ItemGroup>
  <ItemGroup>
    <Filter Include="JsonBox">
      <UniqueIdentifier>{9b299f5a-f315-442a-8ebf-3a48ec290290}</UniqueIdentifier>
    </Filter>
    <Filter Include="JsonData">
      <UniqueIdentifier>{9d370f46-f2e7-4559-88f7-bbce8bbb099c}</UniqueIdentifier>
    </Filter>
  </ItemGroup>
  <ItemGroup>
    <None Include="areas.json">
      <Filter>JsonData</Filter>
    </None>
    <None Include="armor.json">
      <Filter>JsonData</Filter>
    </None>
    <None Include="creatures.json">
      <Filter>JsonData</Filter>
    </None>
    <None Include="doors.json">
      <Filter>JsonData</Filter>
    </None>
    <None Include="items.json">
      <Filter>JsonData</Filter>
    </None>
    <None Include="weapons.json">
      <Filter>JsonData</Filter>
    </None>
  </ItemGroup>
</Project>